// !$*UTF8*$!
{
	archiveVersion = 1;
	classes = {
	};
	objectVersion = 50;
	objects = {

/* Begin PBXBuildFile section */
		6343FEC991BCF1AD9DC164A9 /* Pods_TransitionCoordinator.framework in Frameworks */ = {isa = PBXBuildFile; fileRef = 85685205F907E26A0B69B17E /* Pods_TransitionCoordinator.framework */; };
		D327044F2250A93C0062F927 /* AppDelegate.swift in Sources */ = {isa = PBXBuildFile; fileRef = D327044E2250A93C0062F927 /* AppDelegate.swift */; };
		D32704512250A93C0062F927 /* ViewController.swift in Sources */ = {isa = PBXBuildFile; fileRef = D32704502250A93C0062F927 /* ViewController.swift */; };
		D32704542250A93C0062F927 /* Main.storyboard in Resources */ = {isa = PBXBuildFile; fileRef = D32704522250A93C0062F927 /* Main.storyboard */; };
		D32704562250A93D0062F927 /* Assets.xcassets in Resources */ = {isa = PBXBuildFile; fileRef = D32704552250A93D0062F927 /* Assets.xcassets */; };
		D32704592250A93D0062F927 /* LaunchScreen.storyboard in Resources */ = {isa = PBXBuildFile; fileRef = D32704572250A93D0062F927 /* LaunchScreen.storyboard */; };
		D341B6372251A491005E2A97 /* UIColor+random.swift in Sources */ = {isa = PBXBuildFile; fileRef = D341B6362251A491005E2A97 /* UIColor+random.swift */; };
		D39D2B542252EB5C00889FAA /* UIButton+addaction.swift in Sources */ = {isa = PBXBuildFile; fileRef = D39D2B532252EB5C00889FAA /* UIButton+addaction.swift */; };
		D39D2B562252EE2C00889FAA /* SecondViewController.swift in Sources */ = {isa = PBXBuildFile; fileRef = D39D2B552252EE2C00889FAA /* SecondViewController.swift */; };
/* End PBXBuildFile section */

/* Begin PBXFileReference section */
		084C9E444EECDF8747309352 /* Pods-TransitionCoordinator.release.xcconfig */ = {isa = PBXFileReference; includeInIndex = 1; lastKnownFileType = text.xcconfig; name = "Pods-TransitionCoordinator.release.xcconfig"; path = "Target Support Files/Pods-TransitionCoordinator/Pods-TransitionCoordinator.release.xcconfig"; sourceTree = "<group>"; };
		85685205F907E26A0B69B17E /* Pods_TransitionCoordinator.framework */ = {isa = PBXFileReference; explicitFileType = wrapper.framework; includeInIndex = 0; path = Pods_TransitionCoordinator.framework; sourceTree = BUILT_PRODUCTS_DIR; };
		85C521B61FA7338E014982EA /* Pods-TransitionCoordinator.debug.xcconfig */ = {isa = PBXFileReference; includeInIndex = 1; lastKnownFileType = text.xcconfig; name = "Pods-TransitionCoordinator.debug.xcconfig"; path = "Target Support Files/Pods-TransitionCoordinator/Pods-TransitionCoordinator.debug.xcconfig"; sourceTree = "<group>"; };
		D327044B2250A93C0062F927 /* TransitionCoordinator.app */ = {isa = PBXFileReference; explicitFileType = wrapper.application; includeInIndex = 0; path = TransitionCoordinator.app; sourceTree = BUILT_PRODUCTS_DIR; };
		D327044E2250A93C0062F927 /* AppDelegate.swift */ = {isa = PBXFileReference; lastKnownFileType = sourcecode.swift; path = AppDelegate.swift; sourceTree = "<group>"; };
		D32704502250A93C0062F927 /* ViewController.swift */ = {isa = PBXFileReference; lastKnownFileType = sourcecode.swift; path = ViewController.swift; sourceTree = "<group>"; };
		D32704532250A93C0062F927 /* Base */ = {isa = PBXFileReference; lastKnownFileType = file.storyboard; name = Base; path = Base.lproj/Main.storyboard; sourceTree = "<group>"; };
		D32704552250A93D0062F927 /* Assets.xcassets */ = {isa = PBXFileReference; lastKnownFileType = folder.assetcatalog; path = Assets.xcassets; sourceTree = "<group>"; };
		D32704582250A93D0062F927 /* Base */ = {isa = PBXFileReference; lastKnownFileType = file.storyboard; name = Base; path = Base.lproj/LaunchScreen.storyboard; sourceTree = "<group>"; };
		D327045A2250A93D0062F927 /* Info.plist */ = {isa = PBXFileReference; lastKnownFileType = text.plist.xml; path = Info.plist; sourceTree = "<group>"; };
		D341B6362251A491005E2A97 /* UIColor+random.swift */ = {isa = PBXFileReference; fileEncoding = 4; lastKnownFileType = sourcecode.swift; path = "UIColor+random.swift"; sourceTree = "<group>"; };
		D39D2B532252EB5C00889FAA /* UIButton+addaction.swift */ = {isa = PBXFileReference; lastKnownFileType = sourcecode.swift; path = "UIButton+addaction.swift"; sourceTree = "<group>"; };
		D39D2B552252EE2C00889FAA /* SecondViewController.swift */ = {isa = PBXFileReference; lastKnownFileType = sourcecode.swift; path = SecondViewController.swift; sourceTree = "<group>"; };
/* End PBXFileReference section */

/* Begin PBXFrameworksBuildPhase section */
		D32704482250A93C0062F927 /* Frameworks */ = {
			isa = PBXFrameworksBuildPhase;
			buildActionMask = 2147483647;
			files = (
				6343FEC991BCF1AD9DC164A9 /* Pods_TransitionCoordinator.framework in Frameworks */,
			);
			runOnlyForDeploymentPostprocessing = 0;
		};
/* End PBXFrameworksBuildPhase section */

/* Begin PBXGroup section */
		3519CE3B0732E84EE510E2BA /* Frameworks */ = {
			isa = PBXGroup;
			children = (
				85685205F907E26A0B69B17E /* Pods_TransitionCoordinator.framework */,
			);
			name = Frameworks;
			sourceTree = "<group>";
		};
		3DCEB4D3B508A83F71B4BD01 /* Pods */ = {
			isa = PBXGroup;
			children = (
				85C521B61FA7338E014982EA /* Pods-TransitionCoordinator.debug.xcconfig */,
				084C9E444EECDF8747309352 /* Pods-TransitionCoordinator.release.xcconfig */,
			);
			path = Pods;
			sourceTree = "<group>";
		};
		D32704422250A93C0062F927 = {
			isa = PBXGroup;
			children = (
				D327044D2250A93C0062F927 /* TransitionCoordinator */,
				D327044C2250A93C0062F927 /* Products */,
				3DCEB4D3B508A83F71B4BD01 /* Pods */,
				3519CE3B0732E84EE510E2BA /* Frameworks */,
			);
			sourceTree = "<group>";
		};
		D327044C2250A93C0062F927 /* Products */ = {
			isa = PBXGroup;
			children = (
				D327044B2250A93C0062F927 /* TransitionCoordinator.app */,
			);
			name = Products;
			sourceTree = "<group>";
		};
		D327044D2250A93C0062F927 /* TransitionCoordinator */ = {
			isa = PBXGroup;
			children = (
				D327044E2250A93C0062F927 /* AppDelegate.swift */,
				D32704522250A93C0062F927 /* Main.storyboard */,
				D39D2B552252EE2C00889FAA /* SecondViewController.swift */,
				D32704502250A93C0062F927 /* ViewController.swift */,
				D39D2B522252EB4300889FAA /* Extensions */,
				D32704552250A93D0062F927 /* Assets.xcassets */,
				D32704572250A93D0062F927 /* LaunchScreen.storyboard */,
				D327045A2250A93D0062F927 /* Info.plist */,
			);
			path = TransitionCoordinator;
			sourceTree = "<group>";
		};
		D39D2B522252EB4300889FAA /* Extensions */ = {
			isa = PBXGroup;
			children = (
				D341B6362251A491005E2A97 /* UIColor+random.swift */,
				D39D2B532252EB5C00889FAA /* UIButton+addaction.swift */,
			);
			path = Extensions;
			sourceTree = "<group>";
		};
/* End PBXGroup section */

/* Begin PBXNativeTarget section */
		D327044A2250A93C0062F927 /* TransitionCoordinator */ = {
			isa = PBXNativeTarget;
			buildConfigurationList = D327045D2250A93D0062F927 /* Build configuration list for PBXNativeTarget "TransitionCoordinator" */;
			buildPhases = (
				9DDEC0219270FCADAE5ABF17 /* [CP] Check Pods Manifest.lock */,
				D32704472250A93C0062F927 /* Sources */,
				D32704482250A93C0062F927 /* Frameworks */,
				D32704492250A93C0062F927 /* Resources */,
			);
			buildRules = (
			);
			dependencies = (
			);
			name = TransitionCoordinator;
			productName = TransitionCoordinator;
			productReference = D327044B2250A93C0062F927 /* TransitionCoordinator.app */;
			productType = "com.apple.product-type.application";
		};
/* End PBXNativeTarget section */

/* Begin PBXProject section */
		D32704432250A93C0062F927 /* Project object */ = {
			isa = PBXProject;
			attributes = {
				LastSwiftUpdateCheck = 1020;
				LastUpgradeCheck = 1020;
				ORGANIZATIONNAME = "Soleil Yu";
				TargetAttributes = {
					D327044A2250A93C0062F927 = {
						CreatedOnToolsVersion = 10.2;
					};
				};
			};
			buildConfigurationList = D32704462250A93C0062F927 /* Build configuration list for PBXProject "TransitionCoordinator" */;
			compatibilityVersion = "Xcode 9.3";
			developmentRegion = en;
			hasScannedForEncodings = 0;
			knownRegions = (
				en,
				Base,
			);
			mainGroup = D32704422250A93C0062F927;
			productRefGroup = D327044C2250A93C0062F927 /* Products */;
			projectDirPath = "";
			projectRoot = "";
			targets = (
				D327044A2250A93C0062F927 /* TransitionCoordinator */,
			);
		};
/* End PBXProject section */

/* Begin PBXResourcesBuildPhase section */
		D32704492250A93C0062F927 /* Resources */ = {
			isa = PBXResourcesBuildPhase;
			buildActionMask = 2147483647;
			files = (
				D32704592250A93D0062F927 /* LaunchScreen.storyboard in Resources */,
				D32704562250A93D0062F927 /* Assets.xcassets in Resources */,
				D32704542250A93C0062F927 /* Main.storyboard in Resources */,
			);
			runOnlyForDeploymentPostprocessing = 0;
		};
/* End PBXResourcesBuildPhase section */

/* Begin PBXShellScriptBuildPhase section */
		9DDEC0219270FCADAE5ABF17 /* [CP] Check Pods Manifest.lock */ = {
			isa = PBXShellScriptBuildPhase;
			buildActionMask = 2147483647;
			files = (
			);
			inputFileListPaths = (
			);
			inputPaths = (
				"${PODS_PODFILE_DIR_PATH}/Podfile.lock",
				"${PODS_ROOT}/Manifest.lock",
			);
			name = "[CP] Check Pods Manifest.lock";
			outputFileListPaths = (
			);
			outputPaths = (
				"$(DERIVED_FILE_DIR)/Pods-TransitionCoordinator-checkManifestLockResult.txt",
			);
			runOnlyForDeploymentPostprocessing = 0;
			shellPath = /bin/sh;
			shellScript = "diff \"${PODS_PODFILE_DIR_PATH}/Podfile.lock\" \"${PODS_ROOT}/Manifest.lock\" > /dev/null\nif [ $? != 0 ] ; then\n    # print error to STDERR\n    echo \"error: The sandbox is not in sync with the Podfile.lock. Run 'pod install' or update your CocoaPods installation.\" >&2\n    exit 1\nfi\n# This output is used by Xcode 'outputs' to avoid re-running this script phase.\necho \"SUCCESS\" > \"${SCRIPT_OUTPUT_FILE_0}\"\n";
			showEnvVarsInLog = 0;
		};
/* End PBXShellScriptBuildPhase section */

/* Begin PBXSourcesBuildPhase section */
		D32704472250A93C0062F927 /* Sources */ = {
			isa = PBXSourcesBuildPhase;
			buildActionMask = 2147483647;
			files = (
				D32704512250A93C0062F927 /* ViewController.swift in Sources */,
				D341B6372251A491005E2A97 /* UIColor+random.swift in Sources */,
				D327044F2250A93C0062F927 /* AppDelegate.swift in Sources */,
				D39D2B562252EE2C00889FAA /* SecondViewController.swift in Sources */,
				D39D2B542252EB5C00889FAA /* UIButton+addaction.swift in Sources */,
			);
			runOnlyForDeploymentPostprocessing = 0;
		};
/* End PBXSourcesBuildPhase section */

/* Begin PBXVariantGroup section */
		D32704522250A93C0062F927 /* Main.storyboard */ = {
			isa = PBXVariantGroup;
			children = (
				D32704532250A93C0062F927 /* Base */,
			);
			name = Main.storyboard;
			sourceTree = "<group>";
		};
		D32704572250A93D0062F927 /* LaunchScreen.storyboard */ = {
			isa = PBXVariantGroup;
			children = (
				D32704582250A93D0062F927 /* Base */,
			);
			name = LaunchScreen.storyboard;
			sourceTree = "<group>";
		};
/* End PBXVariantGroup section */

/* Begin XCBuildConfiguration section */
		D327045B2250A93D0062F927 /* Debug */ = {
			isa = XCBuildConfiguration;
			buildSettings = {
				ALWAYS_SEARCH_USER_PATHS = NO;
				CLANG_ANALYZER_NONNULL = YES;
				CLANG_ANALYZER_NUMBER_OBJECT_CONVERSION = YES_AGGRESSIVE;
				CLANG_CXX_LANGUAGE_STANDARD = "gnu++14";
				CLANG_CXX_LIBRARY = "libc++";
				CLANG_ENABLE_MODULES = YES;
				CLANG_ENABLE_OBJC_ARC = YES;
				CLANG_ENABLE_OBJC_WEAK = YES;
				CLANG_WARN_BLOCK_CAPTURE_AUTORELEASING = YES;
				CLANG_WARN_BOOL_CONVERSION = YES;
				CLANG_WARN_COMMA = YES;
				CLANG_WARN_CONSTANT_CONVERSION = YES;
				CLANG_WARN_DEPRECATED_OBJC_IMPLEMENTATIONS = YES;
				CLANG_WARN_DIRECT_OBJC_ISA_USAGE = YES_ERROR;
				CLANG_WARN_DOCUMENTATION_COMMENTS = YES;
				CLANG_WARN_EMPTY_BODY = YES;
				CLANG_WARN_ENUM_CONVERSION = YES;
				CLANG_WARN_INFINITE_RECURSION = YES;
				CLANG_WARN_INT_CONVERSION = YES;
				CLANG_WARN_NON_LITERAL_NULL_CONVERSION = YES;
				CLANG_WARN_OBJC_IMPLICIT_RETAIN_SELF = YES;
				CLANG_WARN_OBJC_LITERAL_CONVERSION = YES;
				CLANG_WARN_OBJC_ROOT_CLASS = YES_ERROR;
				CLANG_WARN_RANGE_LOOP_ANALYSIS = YES;
				CLANG_WARN_STRICT_PROTOTYPES = YES;
				CLANG_WARN_SUSPICIOUS_MOVE = YES;
				CLANG_WARN_UNGUARDED_AVAILABILITY = YES_AGGRESSIVE;
				CLANG_WARN_UNREACHABLE_CODE = YES;
				CLANG_WARN__DUPLICATE_METHOD_MATCH = YES;
				CODE_SIGN_IDENTITY = "iPhone Developer";
				COPY_PHASE_STRIP = NO;
				DEBUG_INFORMATION_FORMAT = dwarf;
				ENABLE_STRICT_OBJC_MSGSEND = YES;
				ENABLE_TESTABILITY = YES;
				GCC_C_LANGUAGE_STANDARD = gnu11;
				GCC_DYNAMIC_NO_PIC = NO;
				GCC_NO_COMMON_BLOCKS = YES;
				GCC_OPTIMIZATION_LEVEL = 0;
				GCC_PREPROCESSOR_DEFINITIONS = (
					"DEBUG=1",
					"$(inherited)",
				);
				GCC_WARN_64_TO_32_BIT_CONVERSION = YES;
				GCC_WARN_ABOUT_RETURN_TYPE = YES_ERROR;
				GCC_WARN_UNDECLARED_SELECTOR = YES;
				GCC_WARN_UNINITIALIZED_AUTOS = YES_AGGRESSIVE;
				GCC_WARN_UNUSED_FUNCTION = YES;
				GCC_WARN_UNUSED_VARIABLE = YES;
				IPHONEOS_DEPLOYMENT_TARGET = 12.2;
				MTL_ENABLE_DEBUG_INFO = INCLUDE_SOURCE;
				MTL_FAST_MATH = YES;
				ONLY_ACTIVE_ARCH = YES;
				SDKROOT = iphoneos;
				SWIFT_ACTIVE_COMPILATION_CONDITIONS = DEBUG;
				SWIFT_OPTIMIZATION_LEVEL = "-Onone";
			};
			name = Debug;
		};
		D327045C2250A93D0062F927 /* Release */ = {
			isa = XCBuildConfiguration;
			buildSettings = {
				ALWAYS_SEARCH_USER_PATHS = NO;
				CLANG_ANALYZER_NONNULL = YES;
				CLANG_ANALYZER_NUMBER_OBJECT_CONVERSION = YES_AGGRESSIVE;
				CLANG_CXX_LANGUAGE_STANDARD = "gnu++14";
				CLANG_CXX_LIBRARY = "libc++";
				CLANG_ENABLE_MODULES = YES;
				CLANG_ENABLE_OBJC_ARC = YES;
				CLANG_ENABLE_OBJC_WEAK = YES;
				CLANG_WARN_BLOCK_CAPTURE_AUTORELEASING = YES;
				CLANG_WARN_BOOL_CONVERSION = YES;
				CLANG_WARN_COMMA = YES;
				CLANG_WARN_CONSTANT_CONVERSION = YES;
				CLANG_WARN_DEPRECATED_OBJC_IMPLEMENTATIONS = YES;
				CLANG_WARN_DIRECT_OBJC_ISA_USAGE = YES_ERROR;
				CLANG_WARN_DOCUMENTATION_COMMENTS = YES;
				CLANG_WARN_EMPTY_BODY = YES;
				CLANG_WARN_ENUM_CONVERSION = YES;
				CLANG_WARN_INFINITE_RECURSION = YES;
				CLANG_WARN_INT_CONVERSION = YES;
				CLANG_WARN_NON_LITERAL_NULL_CONVERSION = YES;
				CLANG_WARN_OBJC_IMPLICIT_RETAIN_SELF = YES;
				CLANG_WARN_OBJC_LITERAL_CONVERSION = YES;
				CLANG_WARN_OBJC_ROOT_CLASS = YES_ERROR;
				CLANG_WARN_RANGE_LOOP_ANALYSIS = YES;
				CLANG_WARN_STRICT_PROTOTYPES = YES;
				CLANG_WARN_SUSPICIOUS_MOVE = YES;
				CLANG_WARN_UNGUARDED_AVAILABILITY = YES_AGGRESSIVE;
				CLANG_WARN_UNREACHABLE_CODE = YES;
				CLANG_WARN__DUPLICATE_METHOD_MATCH = YES;
				CODE_SIGN_IDENTITY = "iPhone Developer";
				COPY_PHASE_STRIP = NO;
				DEBUG_INFORMATION_FORMAT = "dwarf-with-dsym";
				ENABLE_NS_ASSERTIONS = NO;
				ENABLE_STRICT_OBJC_MSGSEND = YES;
				GCC_C_LANGUAGE_STANDARD = gnu11;
				GCC_NO_COMMON_BLOCKS = YES;
				GCC_WARN_64_TO_32_BIT_CONVERSION = YES;
				GCC_WARN_ABOUT_RETURN_TYPE = YES_ERROR;
				GCC_WARN_UNDECLARED_SELECTOR = YES;
				GCC_WARN_UNINITIALIZED_AUTOS = YES_AGGRESSIVE;
				GCC_WARN_UNUSED_FUNCTION = YES;
				GCC_WARN_UNUSED_VARIABLE = YES;
				IPHONEOS_DEPLOYMENT_TARGET = 12.2;
				MTL_ENABLE_DEBUG_INFO = NO;
				MTL_FAST_MATH = YES;
				SDKROOT = iphoneos;
				SWIFT_COMPILATION_MODE = wholemodule;
				SWIFT_OPTIMIZATION_LEVEL = "-O";
				VALIDATE_PRODUCT = YES;
			};
			name = Release;
		};
		D327045E2250A93D0062F927 /* Debug */ = {
			isa = XCBuildConfiguration;
			baseConfigurationReference = 85C521B61FA7338E014982EA /* Pods-TransitionCoordinator.debug.xcconfig */;
			buildSettings = {
				ASSETCATALOG_COMPILER_APPICON_NAME = AppIcon;
				CODE_SIGN_STYLE = Automatic;
				DEVELOPMENT_TEAM = "";
				INFOPLIST_FILE = TransitionCoordinator/Info.plist;
				LD_RUNPATH_SEARCH_PATHS = (
					"$(inherited)",
					"@executable_path/Frameworks",
				);
				PRODUCT_BUNDLE_IDENTIFIER = self.soleil.yu..TransitionCoordinator;
				PRODUCT_NAME = "$(TARGET_NAME)";
				SWIFT_VERSION = 5.0;
				TARGETED_DEVICE_FAMILY = "1,2";
			};
			name = Debug;
		};
		D327045F2250A93D0062F927 /* Release */ = {
			isa = XCBuildConfiguration;
			baseConfigurationReference = 084C9E444EECDF8747309352 /* Pods-TransitionCoordinator.release.xcconfig */;
			buildSettings = {
				ASSETCATALOG_COMPILER_APPICON_NAME = AppIcon;
				CODE_SIGN_STYLE = Automatic;
				DEVELOPMENT_TEAM = "";
				INFOPLIST_FILE = TransitionCoordinator/Info.plist;
				LD_RUNPATH_SEARCH_PATHS = (
					"$(inherited)",
					"@executable_path/Frameworks",
				);
				PRODUCT_BUNDLE_IDENTIFIER = self.soleil.yu..TransitionCoordinator;
				PRODUCT_NAME = "$(TARGET_NAME)";
				SWIFT_VERSION = 5.0;
				TARGETED_DEVICE_FAMILY = "1,2";
			};
			name = Release;
		};
/* End XCBuildConfiguration section */

/* Begin XCConfigurationList section */
		D32704462250A93C0062F927 /* Build configuration list for PBXProject "TransitionCoordinator" */ = {
			isa = XCConfigurationList;
			buildConfigurations = (
				D327045B2250A93D0062F927 /* Debug */,
				D327045C2250A93D0062F927 /* Release */,
			);
			defaultConfigurationIsVisible = 0;
			defaultConfigurationName = Release;
		};
		D327045D2250A93D0062F927 /* Build configuration list for PBXNativeTarget "TransitionCoordinator" */ = {
			isa = XCConfigurationList;
			buildConfigurations = (
				D327045E2250A93D0062F927 /* Debug */,
				D327045F2250A93D0062F927 /* Release */,
			);
			defaultConfigurationIsVisible = 0;
			defaultConfigurationName = Release;
		};
/* End XCConfigurationList section */
	};
	rootObject = D32704432250A93C0062F927 /* Project object */;
}
